
Microsoft Visual Studio Solution File, Format Version 12.00
# Visual Studio Version 16
VisualStudioVersion = 16.0.31729.503
MinimumVisualStudioVersion = 10.0.40219.1
Project("{FAE04EC0-301F-11D3-BF4B-00C04F79EFBC}") = "JobDetails", "JobDetails\JobDetails.csproj", "{5BCF0429-C982-4C5E-8738-A1FB1445D064}"
EndProject
Global
	GlobalSection(SolutionConfigurationPlatforms) = preSolution
		Debug|Any CPU = Debug|Any CPU
		Release|Any CPU = Release|Any CPU
	EndGlobalSection
	GlobalSection(ProjectConfigurationPlatforms) = postSolution
		{5BCF0429-C982-4C5E-8738-A1FB1445D064}.Debug|Any CPU.ActiveCfg = Debug|Any CPU
		{5BCF0429-C982-4C5E-8738-A1FB1445D064}.Debug|Any CPU.Build.0 = Debug|Any CPU
		{5BCF0429-C982-4C5E-8738-A1FB1445D064}.Release|Any CPU.ActiveCfg = Release|Any CPU
		{5BCF0429-C982-4C5E-8738-A1FB1445D064}.Release|Any CPU.Build.0 = Release|Any CPU
	EndGlobalSection
	GlobalSection(SolutionProperties) = preSolution
		HideSolutionNode = FALSE
	EndGlobalSection
	GlobalSection(ExtensibilityGlobals) = postSolution
		SolutionGuid = {9E775B1F-AD90-43A1-99AC-751CCE41954C}
	EndGlobalSection
EndGlobal
